// !$*UTF8*$!
{
	archiveVersion = 1;
	classes = {
	};
	objectVersion = 50;
	objects = {

/* Begin PBXBuildFile section */
		0B740EDE251276AB00664C67 /* AppDelegate.swift in Sources */ = {isa = PBXBuildFile; fileRef = 0B740EDD251276AB00664C67 /* AppDelegate.swift */; };
		0B740EE0251276AB00664C67 /* SceneDelegate.swift in Sources */ = {isa = PBXBuildFile; fileRef = 0B740EDF251276AB00664C67 /* SceneDelegate.swift */; };
		0B740EE2251276AB00664C67 /* ViewController.swift in Sources */ = {isa = PBXBuildFile; fileRef = 0B740EE1251276AB00664C67 /* ViewController.swift */; };
		0B740EE5251276AB00664C67 /* Main.storyboard in Resources */ = {isa = PBXBuildFile; fileRef = 0B740EE3251276AB00664C67 /* Main.storyboard */; };
		0B740EE7251276AF00664C67 /* Assets.xcassets in Resources */ = {isa = PBXBuildFile; fileRef = 0B740EE6251276AF00664C67 /* Assets.xcassets */; };
		0B740EEA251276AF00664C67 /* LaunchScreen.storyboard in Resources */ = {isa = PBXBuildFile; fileRef = 0B740EE8251276AF00664C67 /* LaunchScreen.storyboard */; };
		0B740EF72512772D00664C67 /* ListWatch WatchKit App.app in Embed Watch Content */ = {isa = PBXBuildFile; fileRef = 0B740EF62512772D00664C67 /* ListWatch WatchKit App.app */; settings = {ATTRIBUTES = (RemoveHeadersOnCopy, ); }; };
		0B740EFD2512772D00664C67 /* Interface.storyboard in Resources */ = {isa = PBXBuildFile; fileRef = 0B740EFB2512772D00664C67 /* Interface.storyboard */; };
		0B740EFF2512772E00664C67 /* Assets.xcassets in Resources */ = {isa = PBXBuildFile; fileRef = 0B740EFE2512772E00664C67 /* Assets.xcassets */; };
		0B740F062512772F00664C67 /* ListWatch WatchKit Extension.appex in Embed App Extensions */ = {isa = PBXBuildFile; fileRef = 0B740F052512772F00664C67 /* ListWatch WatchKit Extension.appex */; settings = {ATTRIBUTES = (RemoveHeadersOnCopy, ); }; };
		0B740F0B2512772F00664C67 /* InterfaceController.swift in Sources */ = {isa = PBXBuildFile; fileRef = 0B740F0A2512772F00664C67 /* InterfaceController.swift */; };
		0B740F0D2512772F00664C67 /* ExtensionDelegate.swift in Sources */ = {isa = PBXBuildFile; fileRef = 0B740F0C2512772F00664C67 /* ExtensionDelegate.swift */; };
		0B740F0F2512772F00664C67 /* NotificationController.swift in Sources */ = {isa = PBXBuildFile; fileRef = 0B740F0E2512772F00664C67 /* NotificationController.swift */; };
		0B740F112512773000664C67 /* Assets.xcassets in Resources */ = {isa = PBXBuildFile; fileRef = 0B740F102512773000664C67 /* Assets.xcassets */; };
		0B9737182519252800528382 /* RowController.swift in Sources */ = {isa = PBXBuildFile; fileRef = 0B9737172519252800528382 /* RowController.swift */; };
/* End PBXBuildFile section */

/* Begin PBXContainerItemProxy section */
		0B740EF82512772D00664C67 /* PBXContainerItemProxy */ = {
			isa = PBXContainerItemProxy;
			containerPortal = 0B740ED2251276AB00664C67 /* Project object */;
			proxyType = 1;
			remoteGlobalIDString = 0B740EF52512772D00664C67;
			remoteInfo = "ListWatch WatchKit App";
		};
		0B740F072512772F00664C67 /* PBXContainerItemProxy */ = {
			isa = PBXContainerItemProxy;
			containerPortal = 0B740ED2251276AB00664C67 /* Project object */;
			proxyType = 1;
			remoteGlobalIDString = 0B740F042512772F00664C67;
			remoteInfo = "ListWatch WatchKit Extension";
		};
/* End PBXContainerItemProxy section */

/* Begin PBXCopyFilesBuildPhase section */
		0B740F172512773000664C67 /* Embed App Extensions */ = {
			isa = PBXCopyFilesBuildPhase;
			buildActionMask = 2147483647;
			dstPath = "";
			dstSubfolderSpec = 13;
			files = (
				0B740F062512772F00664C67 /* ListWatch WatchKit Extension.appex in Embed App Extensions */,
			);
			name = "Embed App Extensions";
			runOnlyForDeploymentPostprocessing = 0;
		};
		0B740F1B2512773000664C67 /* Embed Watch Content */ = {
			isa = PBXCopyFilesBuildPhase;
			buildActionMask = 2147483647;
			dstPath = "$(CONTENTS_FOLDER_PATH)/Watch";
			dstSubfolderSpec = 16;
			files = (
				0B740EF72512772D00664C67 /* ListWatch WatchKit App.app in Embed Watch Content */,
			);
			name = "Embed Watch Content";
			runOnlyForDeploymentPostprocessing = 0;
		};
/* End PBXCopyFilesBuildPhase section */

/* Begin PBXFileReference section */
		0B740EDA251276AB00664C67 /* AppleWatchList.app */ = {isa = PBXFileReference; explicitFileType = wrapper.application; includeInIndex = 0; path = AppleWatchList.app; sourceTree = BUILT_PRODUCTS_DIR; };
		0B740EDD251276AB00664C67 /* AppDelegate.swift */ = {isa = PBXFileReference; lastKnownFileType = sourcecode.swift; path = AppDelegate.swift; sourceTree = "<group>"; };
		0B740EDF251276AB00664C67 /* SceneDelegate.swift */ = {isa = PBXFileReference; lastKnownFileType = sourcecode.swift; path = SceneDelegate.swift; sourceTree = "<group>"; };
		0B740EE1251276AB00664C67 /* ViewController.swift */ = {isa = PBXFileReference; lastKnownFileType = sourcecode.swift; path = ViewController.swift; sourceTree = "<group>"; };
		0B740EE4251276AB00664C67 /* Base */ = {isa = PBXFileReference; lastKnownFileType = file.storyboard; name = Base; path = Base.lproj/Main.storyboard; sourceTree = "<group>"; };
		0B740EE6251276AF00664C67 /* Assets.xcassets */ = {isa = PBXFileReference; lastKnownFileType = folder.assetcatalog; path = Assets.xcassets; sourceTree = "<group>"; };
		0B740EE9251276AF00664C67 /* Base */ = {isa = PBXFileReference; lastKnownFileType = file.storyboard; name = Base; path = Base.lproj/LaunchScreen.storyboard; sourceTree = "<group>"; };
		0B740EEB251276AF00664C67 /* Info.plist */ = {isa = PBXFileReference; lastKnownFileType = text.plist.xml; path = Info.plist; sourceTree = "<group>"; };
		0B740EF32512772D00664C67 /* ListWatch.app */ = {isa = PBXFileReference; explicitFileType = wrapper.application; includeInIndex = 0; path = ListWatch.app; sourceTree = BUILT_PRODUCTS_DIR; };
		0B740EF62512772D00664C67 /* ListWatch WatchKit App.app */ = {isa = PBXFileReference; explicitFileType = wrapper.application; includeInIndex = 0; path = "ListWatch WatchKit App.app"; sourceTree = BUILT_PRODUCTS_DIR; };
		0B740EFC2512772D00664C67 /* Base */ = {isa = PBXFileReference; lastKnownFileType = file.storyboard; name = Base; path = Base.lproj/Interface.storyboard; sourceTree = "<group>"; };
		0B740EFE2512772E00664C67 /* Assets.xcassets */ = {isa = PBXFileReference; lastKnownFileType = folder.assetcatalog; path = Assets.xcassets; sourceTree = "<group>"; };
		0B740F002512772E00664C67 /* Info.plist */ = {isa = PBXFileReference; lastKnownFileType = text.plist.xml; path = Info.plist; sourceTree = "<group>"; };
		0B740F052512772F00664C67 /* ListWatch WatchKit Extension.appex */ = {isa = PBXFileReference; explicitFileType = "wrapper.app-extension"; includeInIndex = 0; path = "ListWatch WatchKit Extension.appex"; sourceTree = BUILT_PRODUCTS_DIR; };
		0B740F0A2512772F00664C67 /* InterfaceController.swift */ = {isa = PBXFileReference; lastKnownFileType = sourcecode.swift; path = InterfaceController.swift; sourceTree = "<group>"; };
		0B740F0C2512772F00664C67 /* ExtensionDelegate.swift */ = {isa = PBXFileReference; lastKnownFileType = sourcecode.swift; path = ExtensionDelegate.swift; sourceTree = "<group>"; };
		0B740F0E2512772F00664C67 /* NotificationController.swift */ = {isa = PBXFileReference; lastKnownFileType = sourcecode.swift; path = NotificationController.swift; sourceTree = "<group>"; };
		0B740F102512773000664C67 /* Assets.xcassets */ = {isa = PBXFileReference; lastKnownFileType = folder.assetcatalog; path = Assets.xcassets; sourceTree = "<group>"; };
		0B740F122512773000664C67 /* Info.plist */ = {isa = PBXFileReference; lastKnownFileType = text.plist.xml; path = Info.plist; sourceTree = "<group>"; };
		0B740F132512773000664C67 /* PushNotificationPayload.apns */ = {isa = PBXFileReference; lastKnownFileType = text; path = PushNotificationPayload.apns; sourceTree = "<group>"; };
		0B9737172519252800528382 /* RowController.swift */ = {isa = PBXFileReference; lastKnownFileType = sourcecode.swift; path = RowController.swift; sourceTree = "<group>"; };
/* End PBXFileReference section */

/* Begin PBXFrameworksBuildPhase section */
		0B740ED7251276AB00664C67 /* Frameworks */ = {
			isa = PBXFrameworksBuildPhase;
			buildActionMask = 2147483647;
			files = (
			);
			runOnlyForDeploymentPostprocessing = 0;
		};
		0B740F022512772F00664C67 /* Frameworks */ = {
			isa = PBXFrameworksBuildPhase;
			buildActionMask = 2147483647;
			files = (
			);
			runOnlyForDeploymentPostprocessing = 0;
		};
/* End PBXFrameworksBuildPhase section */

/* Begin PBXGroup section */
		0B740ED1251276AB00664C67 = {
			isa = PBXGroup;
			children = (
				0B740EDC251276AB00664C67 /* AppleWatchList */,
				0B740EFA2512772D00664C67 /* ListWatch WatchKit App */,
				0B740F092512772F00664C67 /* ListWatch WatchKit Extension */,
				0B740EDB251276AB00664C67 /* Products */,
			);
			sourceTree = "<group>";
		};
		0B740EDB251276AB00664C67 /* Products */ = {
			isa = PBXGroup;
			children = (
				0B740EDA251276AB00664C67 /* AppleWatchList.app */,
				0B740EF32512772D00664C67 /* ListWatch.app */,
				0B740EF62512772D00664C67 /* ListWatch WatchKit App.app */,
				0B740F052512772F00664C67 /* ListWatch WatchKit Extension.appex */,
			);
			name = Products;
			sourceTree = "<group>";
		};
		0B740EDC251276AB00664C67 /* AppleWatchList */ = {
			isa = PBXGroup;
			children = (
				0B740EDD251276AB00664C67 /* AppDelegate.swift */,
				0B740EDF251276AB00664C67 /* SceneDelegate.swift */,
				0B740EE1251276AB00664C67 /* ViewController.swift */,
				0B740EE3251276AB00664C67 /* Main.storyboard */,
				0B740EE6251276AF00664C67 /* Assets.xcassets */,
				0B740EE8251276AF00664C67 /* LaunchScreen.storyboard */,
				0B740EEB251276AF00664C67 /* Info.plist */,
			);
			path = AppleWatchList;
			sourceTree = "<group>";
		};
		0B740EFA2512772D00664C67 /* ListWatch WatchKit App */ = {
			isa = PBXGroup;
			children = (
				0B740EFB2512772D00664C67 /* Interface.storyboard */,
				0B740EFE2512772E00664C67 /* Assets.xcassets */,
				0B740F002512772E00664C67 /* Info.plist */,
			);
			path = "ListWatch WatchKit App";
			sourceTree = "<group>";
		};
		0B740F092512772F00664C67 /* ListWatch WatchKit Extension */ = {
			isa = PBXGroup;
			children = (
				0B740F0A2512772F00664C67 /* InterfaceController.swift */,
				0B740F0C2512772F00664C67 /* ExtensionDelegate.swift */,
				0B740F0E2512772F00664C67 /* NotificationController.swift */,
				0B740F102512773000664C67 /* Assets.xcassets */,
				0B740F122512773000664C67 /* Info.plist */,
				0B740F132512773000664C67 /* PushNotificationPayload.apns */,
				0B9737172519252800528382 /* RowController.swift */,
			);
			path = "ListWatch WatchKit Extension";
			sourceTree = "<group>";
		};
/* End PBXGroup section */

/* Begin PBXNativeTarget section */
		0B740ED9251276AB00664C67 /* AppleWatchList */ = {
			isa = PBXNativeTarget;
			buildConfigurationList = 0B740EEE251276AF00664C67 /* Build configuration list for PBXNativeTarget "AppleWatchList" */;
			buildPhases = (
				0B740ED6251276AB00664C67 /* Sources */,
				0B740ED7251276AB00664C67 /* Frameworks */,
				0B740ED8251276AB00664C67 /* Resources */,
			);
			buildRules = (
			);
			dependencies = (
			);
			name = AppleWatchList;
			productName = AppleWatchList;
			productReference = 0B740EDA251276AB00664C67 /* AppleWatchList.app */;
			productType = "com.apple.product-type.application";
		};
		0B740EF22512772D00664C67 /* ListWatch */ = {
			isa = PBXNativeTarget;
			buildConfigurationList = 0B740F1C2512773000664C67 /* Build configuration list for PBXNativeTarget "ListWatch" */;
			buildPhases = (
				0B740EF12512772D00664C67 /* Resources */,
				0B740F1B2512773000664C67 /* Embed Watch Content */,
			);
			buildRules = (
			);
			dependencies = (
				0B740EF92512772D00664C67 /* PBXTargetDependency */,
			);
			name = ListWatch;
			productName = ListWatch;
			productReference = 0B740EF32512772D00664C67 /* ListWatch.app */;
			productType = "com.apple.product-type.application.watchapp2-container";
		};
		0B740EF52512772D00664C67 /* ListWatch WatchKit App */ = {
			isa = PBXNativeTarget;
			buildConfigurationList = 0B740F182512773000664C67 /* Build configuration list for PBXNativeTarget "ListWatch WatchKit App" */;
			buildPhases = (
				0B740EF42512772D00664C67 /* Resources */,
				0B740F172512773000664C67 /* Embed App Extensions */,
			);
			buildRules = (
			);
			dependencies = (
				0B740F082512772F00664C67 /* PBXTargetDependency */,
			);
			name = "ListWatch WatchKit App";
			productName = "ListWatch WatchKit App";
			productReference = 0B740EF62512772D00664C67 /* ListWatch WatchKit App.app */;
			productType = "com.apple.product-type.application.watchapp2";
		};
		0B740F042512772F00664C67 /* ListWatch WatchKit Extension */ = {
			isa = PBXNativeTarget;
			buildConfigurationList = 0B740F142512773000664C67 /* Build configuration list for PBXNativeTarget "ListWatch WatchKit Extension" */;
			buildPhases = (
				0B740F012512772F00664C67 /* Sources */,
				0B740F022512772F00664C67 /* Frameworks */,
				0B740F032512772F00664C67 /* Resources */,
			);
			buildRules = (
			);
			dependencies = (
			);
			name = "ListWatch WatchKit Extension";
			productName = "ListWatch WatchKit Extension";
			productReference = 0B740F052512772F00664C67 /* ListWatch WatchKit Extension.appex */;
			productType = "com.apple.product-type.watchkit2-extension";
		};
/* End PBXNativeTarget section */

/* Begin PBXProject section */
		0B740ED2251276AB00664C67 /* Project object */ = {
			isa = PBXProject;
			attributes = {
				LastSwiftUpdateCheck = 1150;
				LastUpgradeCheck = 1150;
				ORGANIZATIONNAME = "Volodymyr Ostapyshyn";
				TargetAttributes = {
					0B740ED9251276AB00664C67 = {
						CreatedOnToolsVersion = 11.5;
					};
					0B740EF22512772D00664C67 = {
						CreatedOnToolsVersion = 11.5;
					};
					0B740EF52512772D00664C67 = {
						CreatedOnToolsVersion = 11.5;
					};
					0B740F042512772F00664C67 = {
						CreatedOnToolsVersion = 11.5;
					};
				};
			};
			buildConfigurationList = 0B740ED5251276AB00664C67 /* Build configuration list for PBXProject "AppleWatchList" */;
			compatibilityVersion = "Xcode 9.3";
			developmentRegion = en;
			hasScannedForEncodings = 0;
			knownRegions = (
				en,
				Base,
			);
			mainGroup = 0B740ED1251276AB00664C67;
			productRefGroup = 0B740EDB251276AB00664C67 /* Products */;
			projectDirPath = "";
			projectRoot = "";
			targets = (
				0B740ED9251276AB00664C67 /* AppleWatchList */,
				0B740EF22512772D00664C67 /* ListWatch */,
				0B740EF52512772D00664C67 /* ListWatch WatchKit App */,
				0B740F042512772F00664C67 /* ListWatch WatchKit Extension */,
			);
		};
/* End PBXProject section */

/* Begin PBXResourcesBuildPhase section */
		0B740ED8251276AB00664C67 /* Resources */ = {
			isa = PBXResourcesBuildPhase;
			buildActionMask = 2147483647;
			files = (
				0B740EEA251276AF00664C67 /* LaunchScreen.storyboard in Resources */,
				0B740EE7251276AF00664C67 /* Assets.xcassets in Resources */,
				0B740EE5251276AB00664C67 /* Main.storyboard in Resources */,
			);
			runOnlyForDeploymentPostprocessing = 0;
		};
		0B740EF12512772D00664C67 /* Resources */ = {
			isa = PBXResourcesBuildPhase;
			buildActionMask = 2147483647;
			files = (
			);
			runOnlyForDeploymentPostprocessing = 0;
		};
		0B740EF42512772D00664C67 /* Resources */ = {
			isa = PBXResourcesBuildPhase;
			buildActionMask = 2147483647;
			files = (
				0B740EFF2512772E00664C67 /* Assets.xcassets in Resources */,
				0B740EFD2512772D00664C67 /* Interface.storyboard in Resources */,
			);
			runOnlyForDeploymentPostprocessing = 0;
		};
		0B740F032512772F00664C67 /* Resources */ = {
			isa = PBXResourcesBuildPhase;
			buildActionMask = 2147483647;
			files = (
				0B740F112512773000664C67 /* Assets.xcassets in Resources */,
			);
			runOnlyForDeploymentPostprocessing = 0;
		};
/* End PBXResourcesBuildPhase section */

/* Begin PBXSourcesBuildPhase section */
		0B740ED6251276AB00664C67 /* Sources */ = {
			isa = PBXSourcesBuildPhase;
			buildActionMask = 2147483647;
			files = (
				0B740EE2251276AB00664C67 /* ViewController.swift in Sources */,
				0B740EDE251276AB00664C67 /* AppDelegate.swift in Sources */,
				0B740EE0251276AB00664C67 /* SceneDelegate.swift in Sources */,
			);
			runOnlyForDeploymentPostprocessing = 0;
		};
		0B740F012512772F00664C67 /* Sources */ = {
			isa = PBXSourcesBuildPhase;
			buildActionMask = 2147483647;
			files = (
				0B740F0F2512772F00664C67 /* NotificationController.swift in Sources */,
				0B740F0D2512772F00664C67 /* ExtensionDelegate.swift in Sources */,
				0B9737182519252800528382 /* RowController.swift in Sources */,
				0B740F0B2512772F00664C67 /* InterfaceController.swift in Sources */,
			);
			runOnlyForDeploymentPostprocessing = 0;
		};
/* End PBXSourcesBuildPhase section */

/* Begin PBXTargetDependency section */
		0B740EF92512772D00664C67 /* PBXTargetDependency */ = {
			isa = PBXTargetDependency;
			target = 0B740EF52512772D00664C67 /* ListWatch WatchKit App */;
			targetProxy = 0B740EF82512772D00664C67 /* PBXContainerItemProxy */;
		};
		0B740F082512772F00664C67 /* PBXTargetDependency */ = {
			isa = PBXTargetDependency;
			target = 0B740F042512772F00664C67 /* ListWatch WatchKit Extension */;
			targetProxy = 0B740F072512772F00664C67 /* PBXContainerItemProxy */;
		};
/* End PBXTargetDependency section */

/* Begin PBXVariantGroup section */
		0B740EE3251276AB00664C67 /* Main.storyboard */ = {
			isa = PBXVariantGroup;
			children = (
				0B740EE4251276AB00664C67 /* Base */,
			);
			name = Main.storyboard;
			sourceTree = "<group>";
		};
		0B740EE8251276AF00664C67 /* LaunchScreen.storyboard */ = {
			isa = PBXVariantGroup;
			children = (
				0B740EE9251276AF00664C67 /* Base */,
			);
			name = LaunchScreen.storyboard;
			sourceTree = "<group>";
		};
		0B740EFB2512772D00664C67 /* Interface.storyboard */ = {
			isa = PBXVariantGroup;
			children = (
				0B740EFC2512772D00664C67 /* Base */,
			);
			name = Interface.storyboard;
			sourceTree = "<group>";
		};
/* End PBXVariantGroup section */

/* Begin XCBuildConfiguration section */
		0B740EEC251276AF00664C67 /* Debug */ = {
			isa = XCBuildConfiguration;
			buildSettings = {
				ALWAYS_SEARCH_USER_PATHS = NO;
				CLANG_ANALYZER_NONNULL = YES;
				CLANG_ANALYZER_NUMBER_OBJECT_CONVERSION = YES_AGGRESSIVE;
				CLANG_CXX_LANGUAGE_STANDARD = "gnu++14";
				CLANG_CXX_LIBRARY = "libc++";
				CLANG_ENABLE_MODULES = YES;
				CLANG_ENABLE_OBJC_ARC = YES;
				CLANG_ENABLE_OBJC_WEAK = YES;
				CLANG_WARN_BLOCK_CAPTURE_AUTORELEASING = YES;
				CLANG_WARN_BOOL_CONVERSION = YES;
				CLANG_WARN_COMMA = YES;
				CLANG_WARN_CONSTANT_CONVERSION = YES;
				CLANG_WARN_DEPRECATED_OBJC_IMPLEMENTATIONS = YES;
				CLANG_WARN_DIRECT_OBJC_ISA_USAGE = YES_ERROR;
				CLANG_WARN_DOCUMENTATION_COMMENTS = YES;
				CLANG_WARN_EMPTY_BODY = YES;
				CLANG_WARN_ENUM_CONVERSION = YES;
				CLANG_WARN_INFINITE_RECURSION = YES;
				CLANG_WARN_INT_CONVERSION = YES;
				CLANG_WARN_NON_LITERAL_NULL_CONVERSION = YES;
				CLANG_WARN_OBJC_IMPLICIT_RETAIN_SELF = YES;
				CLANG_WARN_OBJC_LITERAL_CONVERSION = YES;
				CLANG_WARN_OBJC_ROOT_CLASS = YES_ERROR;
				CLANG_WARN_RANGE_LOOP_ANALYSIS = YES;
				CLANG_WARN_STRICT_PROTOTYPES = YES;
				CLANG_WARN_SUSPICIOUS_MOVE = YES;
				CLANG_WARN_UNGUARDED_AVAILABILITY = YES_AGGRESSIVE;
				CLANG_WARN_UNREACHABLE_CODE = YES;
				CLANG_WARN__DUPLICATE_METHOD_MATCH = YES;
				COPY_PHASE_STRIP = NO;
				DEBUG_INFORMATION_FORMAT = dwarf;
				ENABLE_STRICT_OBJC_MSGSEND = YES;
				ENABLE_TESTABILITY = YES;
				GCC_C_LANGUAGE_STANDARD = gnu11;
				GCC_DYNAMIC_NO_PIC = NO;
				GCC_NO_COMMON_BLOCKS = YES;
				GCC_OPTIMIZATION_LEVEL = 0;
				GCC_PREPROCESSOR_DEFINITIONS = (
					"DEBUG=1",
					"$(inherited)",
				);
				GCC_WARN_64_TO_32_BIT_CONVERSION = YES;
				GCC_WARN_ABOUT_RETURN_TYPE = YES_ERROR;
				GCC_WARN_UNDECLARED_SELECTOR = YES;
				GCC_WARN_UNINITIALIZED_AUTOS = YES_AGGRESSIVE;
				GCC_WARN_UNUSED_FUNCTION = YES;
				GCC_WARN_UNUSED_VARIABLE = YES;
				IPHONEOS_DEPLOYMENT_TARGET = 13.5;
				MTL_ENABLE_DEBUG_INFO = INCLUDE_SOURCE;
				MTL_FAST_MATH = YES;
				ONLY_ACTIVE_ARCH = YES;
				SDKROOT = iphoneos;
				SWIFT_ACTIVE_COMPILATION_CONDITIONS = DEBUG;
				SWIFT_OPTIMIZATION_LEVEL = "-Onone";
			};
			name = Debug;
		};
		0B740EED251276AF00664C67 /* Release */ = {
			isa = XCBuildConfiguration;
			buildSettings = {
				ALWAYS_SEARCH_USER_PATHS = NO;
				CLANG_ANALYZER_NONNULL = YES;
				CLANG_ANALYZER_NUMBER_OBJECT_CONVERSION = YES_AGGRESSIVE;
				CLANG_CXX_LANGUAGE_STANDARD = "gnu++14";
				CLANG_CXX_LIBRARY = "libc++";
				CLANG_ENABLE_MODULES = YES;
				CLANG_ENABLE_OBJC_ARC = YES;
				CLANG_ENABLE_OBJC_WEAK = YES;
				CLANG_WARN_BLOCK_CAPTURE_AUTORELEASING = YES;
				CLANG_WARN_BOOL_CONVERSION = YES;
				CLANG_WARN_COMMA = YES;
				CLANG_WARN_CONSTANT_CONVERSION = YES;
				CLANG_WARN_DEPRECATED_OBJC_IMPLEMENTATIONS = YES;
				CLANG_WARN_DIRECT_OBJC_ISA_USAGE = YES_ERROR;
				CLANG_WARN_DOCUMENTATION_COMMENTS = YES;
				CLANG_WARN_EMPTY_BODY = YES;
				CLANG_WARN_ENUM_CONVERSION = YES;
				CLANG_WARN_INFINITE_RECURSION = YES;
				CLANG_WARN_INT_CONVERSION = YES;
				CLANG_WARN_NON_LITERAL_NULL_CONVERSION = YES;
				CLANG_WARN_OBJC_IMPLICIT_RETAIN_SELF = YES;
				CLANG_WARN_OBJC_LITERAL_CONVERSION = YES;
				CLANG_WARN_OBJC_ROOT_CLASS = YES_ERROR;
				CLANG_WARN_RANGE_LOOP_ANALYSIS = YES;
				CLANG_WARN_STRICT_PROTOTYPES = YES;
				CLANG_WARN_SUSPICIOUS_MOVE = YES;
				CLANG_WARN_UNGUARDED_AVAILABILITY = YES_AGGRESSIVE;
				CLANG_WARN_UNREACHABLE_CODE = YES;
				CLANG_WARN__DUPLICATE_METHOD_MATCH = YES;
				COPY_PHASE_STRIP = NO;
				DEBUG_INFORMATION_FORMAT = "dwarf-with-dsym";
				ENABLE_NS_ASSERTIONS = NO;
				ENABLE_STRICT_OBJC_MSGSEND = YES;
				GCC_C_LANGUAGE_STANDARD = gnu11;
				GCC_NO_COMMON_BLOCKS = YES;
				GCC_WARN_64_TO_32_BIT_CONVERSION = YES;
				GCC_WARN_ABOUT_RETURN_TYPE = YES_ERROR;
				GCC_WARN_UNDECLARED_SELECTOR = YES;
				GCC_WARN_UNINITIALIZED_AUTOS = YES_AGGRESSIVE;
				GCC_WARN_UNUSED_FUNCTION = YES;
				GCC_WARN_UNUSED_VARIABLE = YES;
				IPHONEOS_DEPLOYMENT_TARGET = 13.5;
				MTL_ENABLE_DEBUG_INFO = NO;
				MTL_FAST_MATH = YES;
				SDKROOT = iphoneos;
				SWIFT_COMPILATION_MODE = wholemodule;
				SWIFT_OPTIMIZATION_LEVEL = "-O";
				VALIDATE_PRODUCT = YES;
			};
			name = Release;
		};
		0B740EEF251276AF00664C67 /* Debug */ = {
			isa = XCBuildConfiguration;
			buildSettings = {
				ASSETCATALOG_COMPILER_APPICON_NAME = AppIcon;
				CODE_SIGN_STYLE = Automatic;
				DEVELOPMENT_TEAM = 44X6M65T9Y;
				INFOPLIST_FILE = AppleWatchList/Info.plist;
				LD_RUNPATH_SEARCH_PATHS = (
					"$(inherited)",
					"@executable_path/Frameworks",
				);
				PRODUCT_BUNDLE_IDENTIFIER = com.Ostapyshyn.AppleWatchList;
				PRODUCT_NAME = "$(TARGET_NAME)";
				SWIFT_VERSION = 5.0;
				TARGETED_DEVICE_FAMILY = "1,2";
			};
			name = Debug;
		};
		0B740EF0251276AF00664C67 /* Release */ = {
			isa = XCBuildConfiguration;
			buildSettings = {
				ASSETCATALOG_COMPILER_APPICON_NAME = AppIcon;
				CODE_SIGN_STYLE = Automatic;
				DEVELOPMENT_TEAM = 44X6M65T9Y;
				INFOPLIST_FILE = AppleWatchList/Info.plist;
				LD_RUNPATH_SEARCH_PATHS = (
					"$(inherited)",
					"@executable_path/Frameworks",
				);
				PRODUCT_BUNDLE_IDENTIFIER = com.Ostapyshyn.AppleWatchList;
				PRODUCT_NAME = "$(TARGET_NAME)";
				SWIFT_VERSION = 5.0;
				TARGETED_DEVICE_FAMILY = "1,2";
			};
			name = Release;
		};
		0B740F152512773000664C67 /* Debug */ = {
			isa = XCBuildConfiguration;
			buildSettings = {
				ASSETCATALOG_COMPILER_COMPLICATION_NAME = Complication;
				CODE_SIGN_STYLE = Automatic;
				DEVELOPMENT_TEAM = 44X6M65T9Y;
				INFOPLIST_FILE = "ListWatch WatchKit Extension/Info.plist";
				LD_RUNPATH_SEARCH_PATHS = (
					"$(inherited)",
					"@executable_path/Frameworks",
					"@executable_path/../../Frameworks",
				);
				PRODUCT_BUNDLE_IDENTIFIER = com.Ostapyshyn.ListWatch.watchkitapp.watchkitextension;
				PRODUCT_NAME = "${TARGET_NAME}";
				SDKROOT = watchos;
				SKIP_INSTALL = YES;
				SWIFT_VERSION = 5.0;
				TARGETED_DEVICE_FAMILY = 4;
				WATCHOS_DEPLOYMENT_TARGET = 6.2;
			};
			name = Debug;
		};
		0B740F162512773000664C67 /* Release */ = {
			isa = XCBuildConfiguration;
			buildSettings = {
				ASSETCATALOG_COMPILER_COMPLICATION_NAME = Complication;
				CODE_SIGN_STYLE = Automatic;
				DEVELOPMENT_TEAM = 44X6M65T9Y;
				INFOPLIST_FILE = "ListWatch WatchKit Extension/Info.plist";
				LD_RUNPATH_SEARCH_PATHS = (
					"$(inherited)",
					"@executable_path/Frameworks",
					"@executable_path/../../Frameworks",
				);
				PRODUCT_BUNDLE_IDENTIFIER = com.Ostapyshyn.ListWatch.watchkitapp.watchkitextension;
				PRODUCT_NAME = "${TARGET_NAME}";
				SDKROOT = watchos;
				SKIP_INSTALL = YES;
				SWIFT_VERSION = 5.0;
				TARGETED_DEVICE_FAMILY = 4;
				WATCHOS_DEPLOYMENT_TARGET = 6.2;
			};
			name = Release;
		};
		0B740F192512773000664C67 /* Debug */ = {
			isa = XCBuildConfiguration;
			buildSettings = {
				ALWAYS_EMBED_SWIFT_STANDARD_LIBRARIES = YES;
				ASSETCATALOG_COMPILER_APPICON_NAME = AppIcon;
				CODE_SIGN_STYLE = Automatic;
				DEVELOPMENT_TEAM = 44X6M65T9Y;
				IBSC_MODULE = ListWatch_WatchKit_Extension;
				INFOPLIST_FILE = "ListWatch WatchKit App/Info.plist";
				PRODUCT_BUNDLE_IDENTIFIER = com.Ostapyshyn.ListWatch.watchkitapp;
				PRODUCT_NAME = "$(TARGET_NAME)";
				SDKROOT = watchos;
				SKIP_INSTALL = YES;
				SWIFT_VERSION = 5.0;
				TARGETED_DEVICE_FAMILY = 4;
				WATCHOS_DEPLOYMENT_TARGET = 6.2;
			};
			name = Debug;
		};
		0B740F1A2512773000664C67 /* Release */ = {
			isa = XCBuildConfiguration;
			buildSettings = {
				ALWAYS_EMBED_SWIFT_STANDARD_LIBRARIES = YES;
				ASSETCATALOG_COMPILER_APPICON_NAME = AppIcon;
				CODE_SIGN_STYLE = Automatic;
				DEVELOPMENT_TEAM = 44X6M65T9Y;
				IBSC_MODULE = ListWatch_WatchKit_Extension;
				INFOPLIST_FILE = "ListWatch WatchKit App/Info.plist";
				PRODUCT_BUNDLE_IDENTIFIER = com.Ostapyshyn.ListWatch.watchkitapp;
				PRODUCT_NAME = "$(TARGET_NAME)";
				SDKROOT = watchos;
				SKIP_INSTALL = YES;
				SWIFT_VERSION = 5.0;
				TARGETED_DEVICE_FAMILY = 4;
				WATCHOS_DEPLOYMENT_TARGET = 6.2;
			};
			name = Release;
		};
		0B740F1D2512773000664C67 /* Debug */ = {
			isa = XCBuildConfiguration;
			buildSettings = {
				CODE_SIGN_STYLE = Automatic;
				CURRENT_PROJECT_VERSION = 1;
				DEVELOPMENT_TEAM = 44X6M65T9Y;
				MARKETING_VERSION = 1.0;
				PRODUCT_BUNDLE_IDENTIFIER = com.Ostapyshyn.ListWatch;
				PRODUCT_NAME = "$(TARGET_NAME)";
				SWIFT_VERSION = 5.0;
			};
			name = Debug;
		};
		0B740F1E2512773000664C67 /* Release */ = {
			isa = XCBuildConfiguration;
			buildSettings = {
				CODE_SIGN_STYLE = Automatic;
				CURRENT_PROJECT_VERSION = 1;
				DEVELOPMENT_TEAM = 44X6M65T9Y;
				MARKETING_VERSION = 1.0;
				PRODUCT_BUNDLE_IDENTIFIER = com.Ostapyshyn.ListWatch;
				PRODUCT_NAME = "$(TARGET_NAME)";
				SWIFT_VERSION = 5.0;
			};
			name = Release;
		};
/* End XCBuildConfiguration section */

/* Begin XCConfigurationList section */
		0B740ED5251276AB00664C67 /* Build configuration list for PBXProject "AppleWatchList" */ = {
			isa = XCConfigurationList;
			buildConfigurations = (
				0B740EEC251276AF00664C67 /* Debug */,
				0B740EED251276AF00664C67 /* Release */,
			);
			defaultConfigurationIsVisible = 0;
			defaultConfigurationName = Release;
		};
		0B740EEE251276AF00664C67 /* Build configuration list for PBXNativeTarget "AppleWatchList" */ = {
			isa = XCConfigurationList;
			buildConfigurations = (
				0B740EEF251276AF00664C67 /* Debug */,
				0B740EF0251276AF00664C67 /* Release */,
			);
			defaultConfigurationIsVisible = 0;
			defaultConfigurationName = Release;
		};
		0B740F142512773000664C67 /* Build configuration list for PBXNativeTarget "ListWatch WatchKit Extension" */ = {
			isa = XCConfigurationList;
			buildConfigurations = (
				0B740F152512773000664C67 /* Debug */,
				0B740F162512773000664C67 /* Release */,
			);
			defaultConfigurationIsVisible = 0;
			defaultConfigurationName = Release;
		};
		0B740F182512773000664C67 /* Build configuration list for PBXNativeTarget "ListWatch WatchKit App" */ = {
			isa = XCConfigurationList;
			buildConfigurations = (
				0B740F192512773000664C67 /* Debug */,
				0B740F1A2512773000664C67 /* Release */,
			);
			defaultConfigurationIsVisible = 0;
			defaultConfigurationName = Release;
		};
		0B740F1C2512773000664C67 /* Build configuration list for PBXNativeTarget "ListWatch" */ = {
			isa = XCConfigurationList;
			buildConfigurations = (
				0B740F1D2512773000664C67 /* Debug */,
				0B740F1E2512773000664C67 /* Release */,
			);
			defaultConfigurationIsVisible = 0;
			defaultConfigurationName = Release;
		};
/* End XCConfigurationList section */
	};
	rootObject = 0B740ED2251276AB00664C67 /* Project object */;
}
